
Microsoft Visual Studio Solution File, Format Version 12.00
# Visual Studio 15
VisualStudioVersion = 15.0.28010.2026
MinimumVisualStudioVersion = 10.0.40219.1
Project("{FAE04EC0-301F-11D3-BF4B-00C04F79EFBC}") = "GPA_Calculator_UI_2", "GPA_Calculator_UI_2\GPA_Calculator_UI_2.csproj", "{A14FA784-D803-40C8-8D77-BAFC5E19B713}"
EndProject
Global
	GlobalSection(SolutionConfigurationPlatforms) = preSolution
		Debug|Any CPU = Debug|Any CPU
		Release|Any CPU = Release|Any CPU
	EndGlobalSection
	GlobalSection(ProjectConfigurationPlatforms) = postSolution
		{A14FA784-D803-40C8-8D77-BAFC5E19B713}.Debug|Any CPU.ActiveCfg = Debug|Any CPU
		{A14FA784-D803-40C8-8D77-BAFC5E19B713}.Debug|Any CPU.Build.0 = Debug|Any CPU
		{A14FA784-D803-40C8-8D77-BAFC5E19B713}.Release|Any CPU.ActiveCfg = Release|Any CPU
		{A14FA784-D803-40C8-8D77-BAFC5E19B713}.Release|Any CPU.Build.0 = Release|Any CPU
	EndGlobalSection
	GlobalSection(SolutionProperties) = preSolution
		HideSolutionNode = FALSE
	EndGlobalSection
	GlobalSection(ExtensibilityGlobals) = postSolution
		SolutionGuid = {DDBF6223-9C54-431D-86EB-A9040FCB2FC4}
	EndGlobalSection
EndGlobal
